{
  "requires": true,
  "lockfileVersion": 1,
  "dependencies": {
    "ngx-ui-loader": {
      "version": "10.0.0",
      "resolved": "https://registry.npmjs.org/ngx-ui-loader/-/ngx-ui-loader-10.0.0.tgz",
      "integrity": "sha512-RdSAuqsBQq54nIQG/E7wfrQhipkBtyN/i6qzT+WhCAB9iFmEqSyFZBgwzNZO+wJ7MPSPjHGpWzEJBGNdXYCWSg==",
      "requires": {
        "tslib": "^2.0.0"
      }
    },
    "tslib": {
      "version": "2.0.3",
      "resolved": "https://registry.npmjs.org/tslib/-/tslib-2.0.3.tgz",
      "integrity": "sha512-uZtkfKblCEQtZKBF6EBXVZeQNl82yqtDQdv+eck8u7tdPxjLu2/lp5/uPW+um2tpuxINHWy3GhiccY7QgEaVHQ=="
    }
  }
}
